// !$*UTF8*$!
{
	archiveVersion = 1;
	classes = {
	};
	objectVersion = 77;
	objects = {

/* Begin PBXBuildFile section */
		F40262E22E90F66E0000838F /* BasicLearningView.swift in Sources */ = {isa = PBXBuildFile; fileRef = F40262D82E90F66E0000838F /* BasicLearningView.swift */; };
		F40262E32E90F66E0000838F /* ContentView.swift in Sources */ = {isa = PBXBuildFile; fileRef = F40262D92E90F66E0000838F /* ContentView.swift */; };
		F40262E42E90F66E0000838F /* Landmark.swift in Sources */ = {isa = PBXBuildFile; fileRef = F40262DA2E90F66E0000838F /* Landmark.swift */; };
		F40262E52E90F66E0000838F /* LearningAppApp.swift in Sources */ = {isa = PBXBuildFile; fileRef = F40262DB2E90F66E0000838F /* LearningAppApp.swift */; };
		F40262E62E90F66E0000838F /* LocationImageView.swift in Sources */ = {isa = PBXBuildFile; fileRef = F40262DC2E90F66E0000838F /* LocationImageView.swift */; };
		F40262E72E90F66E0000838F /* MapOfPlacesView.swift in Sources */ = {isa = PBXBuildFile; fileRef = F40262DD2E90F66E0000838F /* MapOfPlacesView.swift */; };
		F40262E82E90F66E0000838F /* MapView.swift in Sources */ = {isa = PBXBuildFile; fileRef = F40262DE2E90F66E0000838F /* MapView.swift */; };
		F40262E92E90F66E0000838F /* ModelDataLoad.swift in Sources */ = {isa = PBXBuildFile; fileRef = F40262DF2E90F66E0000838F /* ModelDataLoad.swift */; };
		F40262EA2E90F66E0000838F /* SongDetailView.swift in Sources */ = {isa = PBXBuildFile; fileRef = F40262E02E90F66E0000838F /* SongDetailView.swift */; };
		F40262EB2E90F66E0000838F /* charleyrivers@2x.jpg in Resources */ = {isa = PBXBuildFile; fileRef = F40262C72E90F66E0000838F /* charleyrivers@2x.jpg */; };
		F40262EC2E90F66E0000838F /* chilkoottrail@2x.jpg in Resources */ = {isa = PBXBuildFile; fileRef = F40262C82E90F66E0000838F /* chilkoottrail@2x.jpg */; };
		F40262ED2E90F66E0000838F /* chincoteague@2x.jpg in Resources */ = {isa = PBXBuildFile; fileRef = F40262C92E90F66E0000838F /* chincoteague@2x.jpg */; };
		F40262EE2E90F66E0000838F /* hiddenlake@2x.jpg in Resources */ = {isa = PBXBuildFile; fileRef = F40262CA2E90F66E0000838F /* hiddenlake@2x.jpg */; };
		F40262EF2E90F66E0000838F /* icybay@2x.jpg in Resources */ = {isa = PBXBuildFile; fileRef = F40262CB2E90F66E0000838F /* icybay@2x.jpg */; };
		F40262F02E90F66E0000838F /* lakemcdonald@2x.jpg in Resources */ = {isa = PBXBuildFile; fileRef = F40262CC2E90F66E0000838F /* lakemcdonald@2x.jpg */; };
		F40262F12E90F66E0000838F /* rainbowlake@2x.jpg in Resources */ = {isa = PBXBuildFile; fileRef = F40262CD2E90F66E0000838F /* rainbowlake@2x.jpg */; };
		F40262F22E90F66E0000838F /* silversalmoncreek@2x.jpg in Resources */ = {isa = PBXBuildFile; fileRef = F40262CE2E90F66E0000838F /* silversalmoncreek@2x.jpg */; };
		F40262F32E90F66E0000838F /* stmarylake@2x.jpg in Resources */ = {isa = PBXBuildFile; fileRef = F40262CF2E90F66E0000838F /* stmarylake@2x.jpg */; };
		F40262F42E90F66E0000838F /* twinlake@2x.jpg in Resources */ = {isa = PBXBuildFile; fileRef = F40262D02E90F66E0000838F /* twinlake@2x.jpg */; };
		F40262F52E90F66E0000838F /* umbagog@2x.jpg in Resources */ = {isa = PBXBuildFile; fileRef = F40262D12E90F66E0000838F /* umbagog@2x.jpg */; };
		F40262F62E90F66E0000838F /* LICENSE.txt in Resources */ = {isa = PBXBuildFile; fileRef = F40262D32E90F66E0000838F /* LICENSE.txt */; };
		F40262F72E90F66E0000838F /* landmarkData.json in Resources */ = {isa = PBXBuildFile; fileRef = F40262D52E90F66E0000838F /* landmarkData.json */; };
		F40262F82E90F66E0000838F /* Assets.xcassets in Resources */ = {isa = PBXBuildFile; fileRef = F40262D72E90F66E0000838F /* Assets.xcassets */; };
		F40262FC2E90F78D0000838F /* LandmarkRow.swift in Sources */ = {isa = PBXBuildFile; fileRef = F40262FB2E90F78D0000838F /* LandmarkRow.swift */; };
		F40262FD2E90F78D0000838F /* LandmarkRow.swift in Sources */ = {isa = PBXBuildFile; fileRef = F40262FB2E90F78D0000838F /* LandmarkRow.swift */; };
		F40262FF2E90FAC10000838F /* LandmarkListView.swift in Sources */ = {isa = PBXBuildFile; fileRef = F40262FE2E90FAC10000838F /* LandmarkListView.swift */; };
/* End PBXBuildFile section */

/* Begin PBXContainerItemProxy section */
		F40262732E8ECC600000838F /* PBXContainerItemProxy */ = {
			isa = PBXContainerItemProxy;
			containerPortal = F402625D2E8ECC5D0000838F /* Project object */;
			proxyType = 1;
			remoteGlobalIDString = F40262642E8ECC5D0000838F;
			remoteInfo = LearningApp;
		};
		F402627D2E8ECC600000838F /* PBXContainerItemProxy */ = {
			isa = PBXContainerItemProxy;
			containerPortal = F402625D2E8ECC5D0000838F /* Project object */;
			proxyType = 1;
			remoteGlobalIDString = F40262642E8ECC5D0000838F;
			remoteInfo = LearningApp;
		};
/* End PBXContainerItemProxy section */

/* Begin PBXFileReference section */
		F40262652E8ECC5D0000838F /* LearningApp.app */ = {isa = PBXFileReference; explicitFileType = wrapper.application; includeInIndex = 0; path = LearningApp.app; sourceTree = BUILT_PRODUCTS_DIR; };
		F40262722E8ECC600000838F /* LearningAppTests.xctest */ = {isa = PBXFileReference; explicitFileType = wrapper.cfbundle; includeInIndex = 0; path = LearningAppTests.xctest; sourceTree = BUILT_PRODUCTS_DIR; };
		F402627C2E8ECC600000838F /* LearningAppUITests.xctest */ = {isa = PBXFileReference; explicitFileType = wrapper.cfbundle; includeInIndex = 0; path = LearningAppUITests.xctest; sourceTree = BUILT_PRODUCTS_DIR; };
		F40262C72E90F66E0000838F /* charleyrivers@2x.jpg */ = {isa = PBXFileReference; lastKnownFileType = image.jpeg; path = "charleyrivers@2x.jpg"; sourceTree = "<group>"; };
		F40262C82E90F66E0000838F /* chilkoottrail@2x.jpg */ = {isa = PBXFileReference; lastKnownFileType = image.jpeg; path = "chilkoottrail@2x.jpg"; sourceTree = "<group>"; };
		F40262C92E90F66E0000838F /* chincoteague@2x.jpg */ = {isa = PBXFileReference; lastKnownFileType = image.jpeg; path = "chincoteague@2x.jpg"; sourceTree = "<group>"; };
		F40262CA2E90F66E0000838F /* hiddenlake@2x.jpg */ = {isa = PBXFileReference; lastKnownFileType = image.jpeg; path = "hiddenlake@2x.jpg"; sourceTree = "<group>"; };
		F40262CB2E90F66E0000838F /* icybay@2x.jpg */ = {isa = PBXFileReference; lastKnownFileType = image.jpeg; path = "icybay@2x.jpg"; sourceTree = "<group>"; };
		F40262CC2E90F66E0000838F /* lakemcdonald@2x.jpg */ = {isa = PBXFileReference; lastKnownFileType = image.jpeg; path = "lakemcdonald@2x.jpg"; sourceTree = "<group>"; };
		F40262CD2E90F66E0000838F /* rainbowlake@2x.jpg */ = {isa = PBXFileReference; lastKnownFileType = image.jpeg; path = "rainbowlake@2x.jpg"; sourceTree = "<group>"; };
		F40262CE2E90F66E0000838F /* silversalmoncreek@2x.jpg */ = {isa = PBXFileReference; lastKnownFileType = image.jpeg; path = "silversalmoncreek@2x.jpg"; sourceTree = "<group>"; };
		F40262CF2E90F66E0000838F /* stmarylake@2x.jpg */ = {isa = PBXFileReference; lastKnownFileType = image.jpeg; path = "stmarylake@2x.jpg"; sourceTree = "<group>"; };
		F40262D02E90F66E0000838F /* twinlake@2x.jpg */ = {isa = PBXFileReference; lastKnownFileType = image.jpeg; path = "twinlake@2x.jpg"; sourceTree = "<group>"; };
		F40262D12E90F66E0000838F /* umbagog@2x.jpg */ = {isa = PBXFileReference; lastKnownFileType = image.jpeg; path = "umbagog@2x.jpg"; sourceTree = "<group>"; };
		F40262D32E90F66E0000838F /* LICENSE.txt */ = {isa = PBXFileReference; lastKnownFileType = text; path = LICENSE.txt; sourceTree = "<group>"; };
		F40262D52E90F66E0000838F /* landmarkData.json */ = {isa = PBXFileReference; lastKnownFileType = text.json; path = landmarkData.json; sourceTree = "<group>"; };
		F40262D72E90F66E0000838F /* Assets.xcassets */ = {isa = PBXFileReference; lastKnownFileType = folder.assetcatalog; path = Assets.xcassets; sourceTree = "<group>"; };
		F40262D82E90F66E0000838F /* BasicLearningView.swift */ = {isa = PBXFileReference; lastKnownFileType = sourcecode.swift; path = BasicLearningView.swift; sourceTree = "<group>"; };
		F40262D92E90F66E0000838F /* ContentView.swift */ = {isa = PBXFileReference; lastKnownFileType = sourcecode.swift; path = ContentView.swift; sourceTree = "<group>"; };
		F40262DA2E90F66E0000838F /* Landmark.swift */ = {isa = PBXFileReference; lastKnownFileType = sourcecode.swift; path = Landmark.swift; sourceTree = "<group>"; };
		F40262DB2E90F66E0000838F /* LearningAppApp.swift */ = {isa = PBXFileReference; lastKnownFileType = sourcecode.swift; path = LearningAppApp.swift; sourceTree = "<group>"; };
		F40262DC2E90F66E0000838F /* LocationImageView.swift */ = {isa = PBXFileReference; lastKnownFileType = sourcecode.swift; path = LocationImageView.swift; sourceTree = "<group>"; };
		F40262DD2E90F66E0000838F /* MapOfPlacesView.swift */ = {isa = PBXFileReference; lastKnownFileType = sourcecode.swift; path = MapOfPlacesView.swift; sourceTree = "<group>"; };
		F40262DE2E90F66E0000838F /* MapView.swift */ = {isa = PBXFileReference; lastKnownFileType = sourcecode.swift; path = MapView.swift; sourceTree = "<group>"; };
		F40262DF2E90F66E0000838F /* ModelDataLoad.swift */ = {isa = PBXFileReference; lastKnownFileType = sourcecode.swift; path = ModelDataLoad.swift; sourceTree = "<group>"; };
		F40262E02E90F66E0000838F /* SongDetailView.swift */ = {isa = PBXFileReference; lastKnownFileType = sourcecode.swift; path = SongDetailView.swift; sourceTree = "<group>"; };
		F40262FB2E90F78D0000838F /* LandmarkRow.swift */ = {isa = PBXFileReference; lastKnownFileType = sourcecode.swift; path = LandmarkRow.swift; sourceTree = "<group>"; };
		F40262FE2E90FAC10000838F /* LandmarkListView.swift */ = {isa = PBXFileReference; lastKnownFileType = sourcecode.swift; path = LandmarkListView.swift; sourceTree = "<group>"; };
/* End PBXFileReference section */

/* Begin PBXFileSystemSynchronizedRootGroup section */
		F40262752E8ECC600000838F /* LearningAppTests */ = {
			isa = PBXFileSystemSynchronizedRootGroup;
			path = LearningAppTests;
			sourceTree = "<group>";
		};
		F402627F2E8ECC600000838F /* LearningAppUITests */ = {
			isa = PBXFileSystemSynchronizedRootGroup;
			path = LearningAppUITests;
			sourceTree = "<group>";
		};
/* End PBXFileSystemSynchronizedRootGroup section */

/* Begin PBXFrameworksBuildPhase section */
		F40262622E8ECC5D0000838F /* Frameworks */ = {
			isa = PBXFrameworksBuildPhase;
			buildActionMask = 2147483647;
			files = (
			);
			runOnlyForDeploymentPostprocessing = 0;
		};
		F402626F2E8ECC600000838F /* Frameworks */ = {
			isa = PBXFrameworksBuildPhase;
			buildActionMask = 2147483647;
			files = (
			);
			runOnlyForDeploymentPostprocessing = 0;
		};
		F40262792E8ECC600000838F /* Frameworks */ = {
			isa = PBXFrameworksBuildPhase;
			buildActionMask = 2147483647;
			files = (
			);
			runOnlyForDeploymentPostprocessing = 0;
		};
/* End PBXFrameworksBuildPhase section */

/* Begin PBXGroup section */
		F402625C2E8ECC5D0000838F = {
			isa = PBXGroup;
			children = (
				F40262752E8ECC600000838F /* LearningAppTests */,
				F402627F2E8ECC600000838F /* LearningAppUITests */,
				F40262662E8ECC5D0000838F /* Products */,
				F40262E12E90F66E0000838F /* LearningApp */,
			);
			sourceTree = "<group>";
		};
		F40262662E8ECC5D0000838F /* Products */ = {
			isa = PBXGroup;
			children = (
				F40262652E8ECC5D0000838F /* LearningApp.app */,
				F40262722E8ECC600000838F /* LearningAppTests.xctest */,
				F402627C2E8ECC600000838F /* LearningAppUITests.xctest */,
			);
			name = Products;
			sourceTree = "<group>";
		};
		F40262D22E90F66E0000838F /* Images */ = {
			isa = PBXGroup;
			children = (
				F40262C72E90F66E0000838F /* charleyrivers@2x.jpg */,
				F40262C82E90F66E0000838F /* chilkoottrail@2x.jpg */,
				F40262C92E90F66E0000838F /* chincoteague@2x.jpg */,
				F40262CA2E90F66E0000838F /* hiddenlake@2x.jpg */,
				F40262CB2E90F66E0000838F /* icybay@2x.jpg */,
				F40262CC2E90F66E0000838F /* lakemcdonald@2x.jpg */,
				F40262CD2E90F66E0000838F /* rainbowlake@2x.jpg */,
				F40262CE2E90F66E0000838F /* silversalmoncreek@2x.jpg */,
				F40262CF2E90F66E0000838F /* stmarylake@2x.jpg */,
				F40262D02E90F66E0000838F /* twinlake@2x.jpg */,
				F40262D12E90F66E0000838F /* umbagog@2x.jpg */,
			);
			path = Images;
			sourceTree = "<group>";
		};
		F40262D42E90F66E0000838F /* LICENSE */ = {
			isa = PBXGroup;
			children = (
				F40262D32E90F66E0000838F /* LICENSE.txt */,
			);
			path = LICENSE;
			sourceTree = "<group>";
		};
		F40262D62E90F66E0000838F /* Resources */ = {
			isa = PBXGroup;
			children = (
				F40262D22E90F66E0000838F /* Images */,
				F40262D42E90F66E0000838F /* LICENSE */,
				F40262D52E90F66E0000838F /* landmarkData.json */,
			);
			path = Resources;
			sourceTree = "<group>";
		};
		F40262E12E90F66E0000838F /* LearningApp */ = {
			isa = PBXGroup;
			children = (
				F40262D62E90F66E0000838F /* Resources */,
				F40262D72E90F66E0000838F /* Assets.xcassets */,
				F40262F92E90F6AD0000838F /* View */,
				F40262FA2E90F6CF0000838F /* Model */,
				F40262DB2E90F66E0000838F /* LearningAppApp.swift */,
			);
			path = LearningApp;
			sourceTree = "<group>";
		};
		F40262F92E90F6AD0000838F /* View */ = {
			isa = PBXGroup;
			children = (
				F40262D82E90F66E0000838F /* BasicLearningView.swift */,
				F40262D92E90F66E0000838F /* ContentView.swift */,
				F40262DC2E90F66E0000838F /* LocationImageView.swift */,
				F40262DD2E90F66E0000838F /* MapOfPlacesView.swift */,
				F40262DE2E90F66E0000838F /* MapView.swift */,
				F40262E02E90F66E0000838F /* SongDetailView.swift */,
				F40262FB2E90F78D0000838F /* LandmarkRow.swift */,
				F40262FE2E90FAC10000838F /* LandmarkListView.swift */,
			);
			path = View;
			sourceTree = "<group>";
		};
		F40262FA2E90F6CF0000838F /* Model */ = {
			isa = PBXGroup;
			children = (
				F40262DA2E90F66E0000838F /* Landmark.swift */,
				F40262DF2E90F66E0000838F /* ModelDataLoad.swift */,
			);
			path = Model;
			sourceTree = "<group>";
		};
/* End PBXGroup section */

/* Begin PBXNativeTarget section */
		F40262642E8ECC5D0000838F /* LearningApp */ = {
			isa = PBXNativeTarget;
			buildConfigurationList = F40262862E8ECC600000838F /* Build configuration list for PBXNativeTarget "LearningApp" */;
			buildPhases = (
				F40262612E8ECC5D0000838F /* Sources */,
				F40262622E8ECC5D0000838F /* Frameworks */,
				F40262632E8ECC5D0000838F /* Resources */,
			);
			buildRules = (
			);
			dependencies = (
			);
			name = LearningApp;
			packageProductDependencies = (
			);
			productName = LearningApp;
			productReference = F40262652E8ECC5D0000838F /* LearningApp.app */;
			productType = "com.apple.product-type.application";
		};
		F40262712E8ECC600000838F /* LearningAppTests */ = {
			isa = PBXNativeTarget;
			buildConfigurationList = F40262892E8ECC600000838F /* Build configuration list for PBXNativeTarget "LearningAppTests" */;
			buildPhases = (
				F402626E2E8ECC600000838F /* Sources */,
				F402626F2E8ECC600000838F /* Frameworks */,
				F40262702E8ECC600000838F /* Resources */,
			);
			buildRules = (
			);
			dependencies = (
				F40262742E8ECC600000838F /* PBXTargetDependency */,
			);
			fileSystemSynchronizedGroups = (
				F40262752E8ECC600000838F /* LearningAppTests */,
			);
			name = LearningAppTests;
			packageProductDependencies = (
			);
			productName = LearningAppTests;
			productReference = F40262722E8ECC600000838F /* LearningAppTests.xctest */;
			productType = "com.apple.product-type.bundle.unit-test";
		};
		F402627B2E8ECC600000838F /* LearningAppUITests */ = {
			isa = PBXNativeTarget;
			buildConfigurationList = F402628C2E8ECC600000838F /* Build configuration list for PBXNativeTarget "LearningAppUITests" */;
			buildPhases = (
				F40262782E8ECC600000838F /* Sources */,
				F40262792E8ECC600000838F /* Frameworks */,
				F402627A2E8ECC600000838F /* Resources */,
			);
			buildRules = (
			);
			dependencies = (
				F402627E2E8ECC600000838F /* PBXTargetDependency */,
			);
			fileSystemSynchronizedGroups = (
				F402627F2E8ECC600000838F /* LearningAppUITests */,
			);
			name = LearningAppUITests;
			packageProductDependencies = (
			);
			productName = LearningAppUITests;
			productReference = F402627C2E8ECC600000838F /* LearningAppUITests.xctest */;
			productType = "com.apple.product-type.bundle.ui-testing";
		};
/* End PBXNativeTarget section */

/* Begin PBXProject section */
		F402625D2E8ECC5D0000838F /* Project object */ = {
			isa = PBXProject;
			attributes = {
				BuildIndependentTargetsInParallel = 1;
				LastSwiftUpdateCheck = 1630;
				LastUpgradeCheck = 1630;
				TargetAttributes = {
					F40262642E8ECC5D0000838F = {
						CreatedOnToolsVersion = 16.3;
					};
					F40262712E8ECC600000838F = {
						CreatedOnToolsVersion = 16.3;
						TestTargetID = F40262642E8ECC5D0000838F;
					};
					F402627B2E8ECC600000838F = {
						CreatedOnToolsVersion = 16.3;
						TestTargetID = F40262642E8ECC5D0000838F;
					};
				};
			};
			buildConfigurationList = F40262602E8ECC5D0000838F /* Build configuration list for PBXProject "LearningApp" */;
			developmentRegion = en;
			hasScannedForEncodings = 0;
			knownRegions = (
				en,
				Base,
			);
			mainGroup = F402625C2E8ECC5D0000838F;
			minimizedProjectReferenceProxies = 1;
			preferredProjectObjectVersion = 77;
			productRefGroup = F40262662E8ECC5D0000838F /* Products */;
			projectDirPath = "";
			projectRoot = "";
			targets = (
				F40262642E8ECC5D0000838F /* LearningApp */,
				F40262712E8ECC600000838F /* LearningAppTests */,
				F402627B2E8ECC600000838F /* LearningAppUITests */,
			);
		};
/* End PBXProject section */

/* Begin PBXResourcesBuildPhase section */
		F40262632E8ECC5D0000838F /* Resources */ = {
			isa = PBXResourcesBuildPhase;
			buildActionMask = 2147483647;
			files = (
				F40262EB2E90F66E0000838F /* charleyrivers@2x.jpg in Resources */,
				F40262EC2E90F66E0000838F /* chilkoottrail@2x.jpg in Resources */,
				F40262ED2E90F66E0000838F /* chincoteague@2x.jpg in Resources */,
				F40262EE2E90F66E0000838F /* hiddenlake@2x.jpg in Resources */,
				F40262EF2E90F66E0000838F /* icybay@2x.jpg in Resources */,
				F40262F02E90F66E0000838F /* lakemcdonald@2x.jpg in Resources */,
				F40262F12E90F66E0000838F /* rainbowlake@2x.jpg in Resources */,
				F40262F22E90F66E0000838F /* silversalmoncreek@2x.jpg in Resources */,
				F40262F32E90F66E0000838F /* stmarylake@2x.jpg in Resources */,
				F40262F42E90F66E0000838F /* twinlake@2x.jpg in Resources */,
				F40262F52E90F66E0000838F /* umbagog@2x.jpg in Resources */,
				F40262F62E90F66E0000838F /* LICENSE.txt in Resources */,
				F40262F72E90F66E0000838F /* landmarkData.json in Resources */,
				F40262F82E90F66E0000838F /* Assets.xcassets in Resources */,
			);
			runOnlyForDeploymentPostprocessing = 0;
		};
		F40262702E8ECC600000838F /* Resources */ = {
			isa = PBXResourcesBuildPhase;
			buildActionMask = 2147483647;
			files = (
			);
			runOnlyForDeploymentPostprocessing = 0;
		};
		F402627A2E8ECC600000838F /* Resources */ = {
			isa = PBXResourcesBuildPhase;
			buildActionMask = 2147483647;
			files = (
			);
			runOnlyForDeploymentPostprocessing = 0;
		};
/* End PBXResourcesBuildPhase section */

/* Begin PBXSourcesBuildPhase section */
		F40262612E8ECC5D0000838F /* Sources */ = {
			isa = PBXSourcesBuildPhase;
			buildActionMask = 2147483647;
			files = (
				F40262E22E90F66E0000838F /* BasicLearningView.swift in Sources */,
				F40262E32E90F66E0000838F /* ContentView.swift in Sources */,
				F40262E42E90F66E0000838F /* Landmark.swift in Sources */,
				F40262FF2E90FAC10000838F /* LandmarkListView.swift in Sources */,
				F40262E52E90F66E0000838F /* LearningAppApp.swift in Sources */,
				F40262E62E90F66E0000838F /* LocationImageView.swift in Sources */,
				F40262E72E90F66E0000838F /* MapOfPlacesView.swift in Sources */,
				F40262E82E90F66E0000838F /* MapView.swift in Sources */,
				F40262E92E90F66E0000838F /* ModelDataLoad.swift in Sources */,
				F40262FD2E90F78D0000838F /* LandmarkRow.swift in Sources */,
				F40262EA2E90F66E0000838F /* SongDetailView.swift in Sources */,
			);
			runOnlyForDeploymentPostprocessing = 0;
		};
		F402626E2E8ECC600000838F /* Sources */ = {
			isa = PBXSourcesBuildPhase;
			buildActionMask = 2147483647;
			files = (
				F40262FC2E90F78D0000838F /* LandmarkRow.swift in Sources */,
			);
			runOnlyForDeploymentPostprocessing = 0;
		};
		F40262782E8ECC600000838F /* Sources */ = {
			isa = PBXSourcesBuildPhase;
			buildActionMask = 2147483647;
			files = (
			);
			runOnlyForDeploymentPostprocessing = 0;
		};
/* End PBXSourcesBuildPhase section */

/* Begin PBXTargetDependency section */
		F40262742E8ECC600000838F /* PBXTargetDependency */ = {
			isa = PBXTargetDependency;
			target = F40262642E8ECC5D0000838F /* LearningApp */;
			targetProxy = F40262732E8ECC600000838F /* PBXContainerItemProxy */;
		};
		F402627E2E8ECC600000838F /* PBXTargetDependency */ = {
			isa = PBXTargetDependency;
			target = F40262642E8ECC5D0000838F /* LearningApp */;
			targetProxy = F402627D2E8ECC600000838F /* PBXContainerItemProxy */;
		};
/* End PBXTargetDependency section */

/* Begin XCBuildConfiguration section */
		F40262842E8ECC600000838F /* Debug */ = {
			isa = XCBuildConfiguration;
			buildSettings = {
				ALWAYS_SEARCH_USER_PATHS = NO;
				ASSETCATALOG_COMPILER_GENERATE_SWIFT_ASSET_SYMBOL_EXTENSIONS = YES;
				CLANG_ANALYZER_NONNULL = YES;
				CLANG_ANALYZER_NUMBER_OBJECT_CONVERSION = YES_AGGRESSIVE;
				CLANG_CXX_LANGUAGE_STANDARD = "gnu++20";
				CLANG_ENABLE_MODULES = YES;
				CLANG_ENABLE_OBJC_ARC = YES;
				CLANG_ENABLE_OBJC_WEAK = YES;
				CLANG_WARN_BLOCK_CAPTURE_AUTORELEASING = YES;
				CLANG_WARN_BOOL_CONVERSION = YES;
				CLANG_WARN_COMMA = YES;
				CLANG_WARN_CONSTANT_CONVERSION = YES;
				CLANG_WARN_DEPRECATED_OBJC_IMPLEMENTATIONS = YES;
				CLANG_WARN_DIRECT_OBJC_ISA_USAGE = YES_ERROR;
				CLANG_WARN_DOCUMENTATION_COMMENTS = YES;
				CLANG_WARN_EMPTY_BODY = YES;
				CLANG_WARN_ENUM_CONVERSION = YES;
				CLANG_WARN_INFINITE_RECURSION = YES;
				CLANG_WARN_INT_CONVERSION = YES;
				CLANG_WARN_NON_LITERAL_NULL_CONVERSION = YES;
				CLANG_WARN_OBJC_IMPLICIT_RETAIN_SELF = YES;
				CLANG_WARN_OBJC_LITERAL_CONVERSION = YES;
				CLANG_WARN_OBJC_ROOT_CLASS = YES_ERROR;
				CLANG_WARN_QUOTED_INCLUDE_IN_FRAMEWORK_HEADER = YES;
				CLANG_WARN_RANGE_LOOP_ANALYSIS = YES;
				CLANG_WARN_STRICT_PROTOTYPES = YES;
				CLANG_WARN_SUSPICIOUS_MOVE = YES;
				CLANG_WARN_UNGUARDED_AVAILABILITY = YES_AGGRESSIVE;
				CLANG_WARN_UNREACHABLE_CODE = YES;
				CLANG_WARN__DUPLICATE_METHOD_MATCH = YES;
				COPY_PHASE_STRIP = NO;
				DEBUG_INFORMATION_FORMAT = dwarf;
				DEVELOPMENT_TEAM = MZP9TUUX7R;
				ENABLE_STRICT_OBJC_MSGSEND = YES;
				ENABLE_TESTABILITY = YES;
				ENABLE_USER_SCRIPT_SANDBOXING = YES;
				GCC_C_LANGUAGE_STANDARD = gnu17;
				GCC_DYNAMIC_NO_PIC = NO;
				GCC_NO_COMMON_BLOCKS = YES;
				GCC_OPTIMIZATION_LEVEL = 0;
				GCC_PREPROCESSOR_DEFINITIONS = (
					"DEBUG=1",
					"$(inherited)",
				);
				GCC_WARN_64_TO_32_BIT_CONVERSION = YES;
				GCC_WARN_ABOUT_RETURN_TYPE = YES_ERROR;
				GCC_WARN_UNDECLARED_SELECTOR = YES;
				GCC_WARN_UNINITIALIZED_AUTOS = YES_AGGRESSIVE;
				GCC_WARN_UNUSED_FUNCTION = YES;
				GCC_WARN_UNUSED_VARIABLE = YES;
				IPHONEOS_DEPLOYMENT_TARGET = 18.4;
				LOCALIZATION_PREFERS_STRING_CATALOGS = YES;
				MTL_ENABLE_DEBUG_INFO = INCLUDE_SOURCE;
				MTL_FAST_MATH = YES;
				ONLY_ACTIVE_ARCH = YES;
				SDKROOT = iphoneos;
				SWIFT_ACTIVE_COMPILATION_CONDITIONS = "DEBUG $(inherited)";
				SWIFT_OPTIMIZATION_LEVEL = "-Onone";
			};
			name = Debug;
		};
		F40262852E8ECC600000838F /* Release */ = {
			isa = XCBuildConfiguration;
			buildSettings = {
				ALWAYS_SEARCH_USER_PATHS = NO;
				ASSETCATALOG_COMPILER_GENERATE_SWIFT_ASSET_SYMBOL_EXTENSIONS = YES;
				CLANG_ANALYZER_NONNULL = YES;
				CLANG_ANALYZER_NUMBER_OBJECT_CONVERSION = YES_AGGRESSIVE;
				CLANG_CXX_LANGUAGE_STANDARD = "gnu++20";
				CLANG_ENABLE_MODULES = YES;
				CLANG_ENABLE_OBJC_ARC = YES;
				CLANG_ENABLE_OBJC_WEAK = YES;
				CLANG_WARN_BLOCK_CAPTURE_AUTORELEASING = YES;
				CLANG_WARN_BOOL_CONVERSION = YES;
				CLANG_WARN_COMMA = YES;
				CLANG_WARN_CONSTANT_CONVERSION = YES;
				CLANG_WARN_DEPRECATED_OBJC_IMPLEMENTATIONS = YES;
				CLANG_WARN_DIRECT_OBJC_ISA_USAGE = YES_ERROR;
				CLANG_WARN_DOCUMENTATION_COMMENTS = YES;
				CLANG_WARN_EMPTY_BODY = YES;
				CLANG_WARN_ENUM_CONVERSION = YES;
				CLANG_WARN_INFINITE_RECURSION = YES;
				CLANG_WARN_INT_CONVERSION = YES;
				CLANG_WARN_NON_LITERAL_NULL_CONVERSION = YES;
				CLANG_WARN_OBJC_IMPLICIT_RETAIN_SELF = YES;
				CLANG_WARN_OBJC_LITERAL_CONVERSION = YES;
				CLANG_WARN_OBJC_ROOT_CLASS = YES_ERROR;
				CLANG_WARN_QUOTED_INCLUDE_IN_FRAMEWORK_HEADER = YES;
				CLANG_WARN_RANGE_LOOP_ANALYSIS = YES;
				CLANG_WARN_STRICT_PROTOTYPES = YES;
				CLANG_WARN_SUSPICIOUS_MOVE = YES;
				CLANG_WARN_UNGUARDED_AVAILABILITY = YES_AGGRESSIVE;
				CLANG_WARN_UNREACHABLE_CODE = YES;
				CLANG_WARN__DUPLICATE_METHOD_MATCH = YES;
				COPY_PHASE_STRIP = NO;
				DEBUG_INFORMATION_FORMAT = "dwarf-with-dsym";
				DEVELOPMENT_TEAM = MZP9TUUX7R;
				ENABLE_NS_ASSERTIONS = NO;
				ENABLE_STRICT_OBJC_MSGSEND = YES;
				ENABLE_USER_SCRIPT_SANDBOXING = YES;
				GCC_C_LANGUAGE_STANDARD = gnu17;
				GCC_NO_COMMON_BLOCKS = YES;
				GCC_WARN_64_TO_32_BIT_CONVERSION = YES;
				GCC_WARN_ABOUT_RETURN_TYPE = YES_ERROR;
				GCC_WARN_UNDECLARED_SELECTOR = YES;
				GCC_WARN_UNINITIALIZED_AUTOS = YES_AGGRESSIVE;
				GCC_WARN_UNUSED_FUNCTION = YES;
				GCC_WARN_UNUSED_VARIABLE = YES;
				IPHONEOS_DEPLOYMENT_TARGET = 18.4;
				LOCALIZATION_PREFERS_STRING_CATALOGS = YES;
				MTL_ENABLE_DEBUG_INFO = NO;
				MTL_FAST_MATH = YES;
				SDKROOT = iphoneos;
				SWIFT_COMPILATION_MODE = wholemodule;
				VALIDATE_PRODUCT = YES;
			};
			name = Release;
		};
		F40262872E8ECC600000838F /* Debug */ = {
			isa = XCBuildConfiguration;
			buildSettings = {
				ASSETCATALOG_COMPILER_APPICON_NAME = AppIcon;
				ASSETCATALOG_COMPILER_GLOBAL_ACCENT_COLOR_NAME = AccentColor;
				CODE_SIGN_STYLE = Automatic;
				CURRENT_PROJECT_VERSION = 1;
				DEVELOPMENT_TEAM = MZP9TUUX7R;
				ENABLE_PREVIEWS = YES;
				GENERATE_INFOPLIST_FILE = YES;
				INFOPLIST_KEY_UIApplicationSceneManifest_Generation = YES;
				INFOPLIST_KEY_UIApplicationSupportsIndirectInputEvents = YES;
				INFOPLIST_KEY_UILaunchScreen_Generation = YES;
				INFOPLIST_KEY_UISupportedInterfaceOrientations_iPad = "UIInterfaceOrientationPortrait UIInterfaceOrientationPortraitUpsideDown UIInterfaceOrientationLandscapeLeft UIInterfaceOrientationLandscapeRight";
				INFOPLIST_KEY_UISupportedInterfaceOrientations_iPhone = "UIInterfaceOrientationPortrait UIInterfaceOrientationLandscapeLeft UIInterfaceOrientationLandscapeRight";
				LD_RUNPATH_SEARCH_PATHS = (
					"$(inherited)",
					"@executable_path/Frameworks",
				);
				MARKETING_VERSION = 1.0;
				PRODUCT_BUNDLE_IDENTIFIER = com.example.LearningApp;
				PRODUCT_NAME = "$(TARGET_NAME)";
				SWIFT_EMIT_LOC_STRINGS = YES;
				SWIFT_VERSION = 5.0;
				TARGETED_DEVICE_FAMILY = "1,2";
			};
			name = Debug;
		};
		F40262882E8ECC600000838F /* Release */ = {
			isa = XCBuildConfiguration;
			buildSettings = {
				ASSETCATALOG_COMPILER_APPICON_NAME = AppIcon;
				ASSETCATALOG_COMPILER_GLOBAL_ACCENT_COLOR_NAME = AccentColor;
				CODE_SIGN_STYLE = Automatic;
				CURRENT_PROJECT_VERSION = 1;
				DEVELOPMENT_TEAM = MZP9TUUX7R;
				ENABLE_PREVIEWS = YES;
				GENERATE_INFOPLIST_FILE = YES;
				INFOPLIST_KEY_UIApplicationSceneManifest_Generation = YES;
				INFOPLIST_KEY_UIApplicationSupportsIndirectInputEvents = YES;
				INFOPLIST_KEY_UILaunchScreen_Generation = YES;
				INFOPLIST_KEY_UISupportedInterfaceOrientations_iPad = "UIInterfaceOrientationPortrait UIInterfaceOrientationPortraitUpsideDown UIInterfaceOrientationLandscapeLeft UIInterfaceOrientationLandscapeRight";
				INFOPLIST_KEY_UISupportedInterfaceOrientations_iPhone = "UIInterfaceOrientationPortrait UIInterfaceOrientationLandscapeLeft UIInterfaceOrientationLandscapeRight";
				LD_RUNPATH_SEARCH_PATHS = (
					"$(inherited)",
					"@executable_path/Frameworks",
				);
				MARKETING_VERSION = 1.0;
				PRODUCT_BUNDLE_IDENTIFIER = com.example.LearningApp;
				PRODUCT_NAME = "$(TARGET_NAME)";
				SWIFT_EMIT_LOC_STRINGS = YES;
				SWIFT_VERSION = 5.0;
				TARGETED_DEVICE_FAMILY = "1,2";
			};
			name = Release;
		};
		F402628A2E8ECC600000838F /* Debug */ = {
			isa = XCBuildConfiguration;
			buildSettings = {
				BUNDLE_LOADER = "$(TEST_HOST)";
				CODE_SIGN_STYLE = Automatic;
				CURRENT_PROJECT_VERSION = 1;
				DEVELOPMENT_TEAM = MZP9TUUX7R;
				GENERATE_INFOPLIST_FILE = YES;
				IPHONEOS_DEPLOYMENT_TARGET = 18.4;
				MARKETING_VERSION = 1.0;
				PRODUCT_BUNDLE_IDENTIFIER = com.example.LearningAppTests;
				PRODUCT_NAME = "$(TARGET_NAME)";
				SWIFT_EMIT_LOC_STRINGS = NO;
				SWIFT_VERSION = 5.0;
				TARGETED_DEVICE_FAMILY = "1,2";
				TEST_HOST = "$(BUILT_PRODUCTS_DIR)/LearningApp.app/$(BUNDLE_EXECUTABLE_FOLDER_PATH)/LearningApp";
			};
			name = Debug;
		};
		F402628B2E8ECC600000838F /* Release */ = {
			isa = XCBuildConfiguration;
			buildSettings = {
				BUNDLE_LOADER = "$(TEST_HOST)";
				CODE_SIGN_STYLE = Automatic;
				CURRENT_PROJECT_VERSION = 1;
				DEVELOPMENT_TEAM = MZP9TUUX7R;
				GENERATE_INFOPLIST_FILE = YES;
				IPHONEOS_DEPLOYMENT_TARGET = 18.4;
				MARKETING_VERSION = 1.0;
				PRODUCT_BUNDLE_IDENTIFIER = com.example.LearningAppTests;
				PRODUCT_NAME = "$(TARGET_NAME)";
				SWIFT_EMIT_LOC_STRINGS = NO;
				SWIFT_VERSION = 5.0;
				TARGETED_DEVICE_FAMILY = "1,2";
				TEST_HOST = "$(BUILT_PRODUCTS_DIR)/LearningApp.app/$(BUNDLE_EXECUTABLE_FOLDER_PATH)/LearningApp";
			};
			name = Release;
		};
		F402628D2E8ECC600000838F /* Debug */ = {
			isa = XCBuildConfiguration;
			buildSettings = {
				CODE_SIGN_STYLE = Automatic;
				CURRENT_PROJECT_VERSION = 1;
				DEVELOPMENT_TEAM = MZP9TUUX7R;
				GENERATE_INFOPLIST_FILE = YES;
				MARKETING_VERSION = 1.0;
				PRODUCT_BUNDLE_IDENTIFIER = com.example.LearningAppUITests;
				PRODUCT_NAME = "$(TARGET_NAME)";
				SWIFT_EMIT_LOC_STRINGS = NO;
				SWIFT_VERSION = 5.0;
				TARGETED_DEVICE_FAMILY = "1,2";
				TEST_TARGET_NAME = LearningApp;
			};
			name = Debug;
		};
		F402628E2E8ECC600000838F /* Release */ = {
			isa = XCBuildConfiguration;
			buildSettings = {
				CODE_SIGN_STYLE = Automatic;
				CURRENT_PROJECT_VERSION = 1;
				DEVELOPMENT_TEAM = MZP9TUUX7R;
				GENERATE_INFOPLIST_FILE = YES;
				MARKETING_VERSION = 1.0;
				PRODUCT_BUNDLE_IDENTIFIER = com.example.LearningAppUITests;
				PRODUCT_NAME = "$(TARGET_NAME)";
				SWIFT_EMIT_LOC_STRINGS = NO;
				SWIFT_VERSION = 5.0;
				TARGETED_DEVICE_FAMILY = "1,2";
				TEST_TARGET_NAME = LearningApp;
			};
			name = Release;
		};
/* End XCBuildConfiguration section */

/* Begin XCConfigurationList section */
		F40262602E8ECC5D0000838F /* Build configuration list for PBXProject "LearningApp" */ = {
			isa = XCConfigurationList;
			buildConfigurations = (
				F40262842E8ECC600000838F /* Debug */,
				F40262852E8ECC600000838F /* Release */,
			);
			defaultConfigurationIsVisible = 0;
			defaultConfigurationName = Release;
		};
		F40262862E8ECC600000838F /* Build configuration list for PBXNativeTarget "LearningApp" */ = {
			isa = XCConfigurationList;
			buildConfigurations = (
				F40262872E8ECC600000838F /* Debug */,
				F40262882E8ECC600000838F /* Release */,
			);
			defaultConfigurationIsVisible = 0;
			defaultConfigurationName = Release;
		};
		F40262892E8ECC600000838F /* Build configuration list for PBXNativeTarget "LearningAppTests" */ = {
			isa = XCConfigurationList;
			buildConfigurations = (
				F402628A2E8ECC600000838F /* Debug */,
				F402628B2E8ECC600000838F /* Release */,
			);
			defaultConfigurationIsVisible = 0;
			defaultConfigurationName = Release;
		};
		F402628C2E8ECC600000838F /* Build configuration list for PBXNativeTarget "LearningAppUITests" */ = {
			isa = XCConfigurationList;
			buildConfigurations = (
				F402628D2E8ECC600000838F /* Debug */,
				F402628E2E8ECC600000838F /* Release */,
			);
			defaultConfigurationIsVisible = 0;
			defaultConfigurationName = Release;
		};
/* End XCConfigurationList section */
	};
	rootObject = F402625D2E8ECC5D0000838F /* Project object */;
}
